
Microsoft Visual Studio Solution File, Format Version 12.00
# Visual Studio Version 17
VisualStudioVersion = 17.0.31903.59
MinimumVisualStudioVersion = 10.0.40219.1
Project("{FAE04EC0-301F-11D3-BF4B-00C04F79EFBC}") = "SIGPA_Backend.API", "SIGPA_Backend.API\SIGPA_Backend.API.csproj", "{7D6D332B-4582-46BE-B223-C6F3EB2DC05D}"
EndProject
Project("{FAE04EC0-301F-11D3-BF4B-00C04F79EFBC}") = "SIGPA_Backend.Infrastructure", "SIGPA_Backend.Infrastructure\SIGPA_Backend.Infrastructure.csproj", "{C0FD95CE-F360-4C68-B3A3-209317FBF0DB}"
EndProject
Project("{FAE04EC0-301F-11D3-BF4B-00C04F79EFBC}") = "SIGPA_Backend.Application", "SIGPA_Backend.Application\SIGPA_Backend.Application.csproj", "{9406D894-E704-4EF1-AE4D-ADEE555819AD}"
EndProject
Project("{FAE04EC0-301F-11D3-BF4B-00C04F79EFBC}") = "SIGPA_Backend.Domain", "SIGPA_Backend.Domain\SIGPA_Backend.Domain.csproj", "{CC680F6B-80DA-4CE9-8764-CF27FD9CB24B}"
EndProject
Global
	GlobalSection(SolutionConfigurationPlatforms) = preSolution
		Debug|Any CPU = Debug|Any CPU
		Release|Any CPU = Release|Any CPU
	EndGlobalSection
	GlobalSection(SolutionProperties) = preSolution
		HideSolutionNode = FALSE
	EndGlobalSection
	GlobalSection(ProjectConfigurationPlatforms) = postSolution
		{7D6D332B-4582-46BE-B223-C6F3EB2DC05D}.Debug|Any CPU.ActiveCfg = Debug|Any CPU
		{7D6D332B-4582-46BE-B223-C6F3EB2DC05D}.Debug|Any CPU.Build.0 = Debug|Any CPU
		{7D6D332B-4582-46BE-B223-C6F3EB2DC05D}.Release|Any CPU.ActiveCfg = Release|Any CPU
		{7D6D332B-4582-46BE-B223-C6F3EB2DC05D}.Release|Any CPU.Build.0 = Release|Any CPU
		{C0FD95CE-F360-4C68-B3A3-209317FBF0DB}.Debug|Any CPU.ActiveCfg = Debug|Any CPU
		{C0FD95CE-F360-4C68-B3A3-209317FBF0DB}.Debug|Any CPU.Build.0 = Debug|Any CPU
		{C0FD95CE-F360-4C68-B3A3-209317FBF0DB}.Release|Any CPU.ActiveCfg = Release|Any CPU
		{C0FD95CE-F360-4C68-B3A3-209317FBF0DB}.Release|Any CPU.Build.0 = Release|Any CPU
		{9406D894-E704-4EF1-AE4D-ADEE555819AD}.Debug|Any CPU.ActiveCfg = Debug|Any CPU
		{9406D894-E704-4EF1-AE4D-ADEE555819AD}.Debug|Any CPU.Build.0 = Debug|Any CPU
		{9406D894-E704-4EF1-AE4D-ADEE555819AD}.Release|Any CPU.ActiveCfg = Release|Any CPU
		{9406D894-E704-4EF1-AE4D-ADEE555819AD}.Release|Any CPU.Build.0 = Release|Any CPU
		{CC680F6B-80DA-4CE9-8764-CF27FD9CB24B}.Debug|Any CPU.ActiveCfg = Debug|Any CPU
		{CC680F6B-80DA-4CE9-8764-CF27FD9CB24B}.Debug|Any CPU.Build.0 = Debug|Any CPU
		{CC680F6B-80DA-4CE9-8764-CF27FD9CB24B}.Release|Any CPU.ActiveCfg = Release|Any CPU
		{CC680F6B-80DA-4CE9-8764-CF27FD9CB24B}.Release|Any CPU.Build.0 = Release|Any CPU
	EndGlobalSection
EndGlobal
